
Microsoft Visual Studio Solution File, Format Version 12.00
# Visual Studio Version 17
VisualStudioVersion = 17.8.34511.84
MinimumVisualStudioVersion = 10.0.40219.1
Project("{FAE04EC0-301F-11D3-BF4B-00C04F79EFBC}") = "BaristaAPI", "BaristaAPI\BaristaAPI.csproj", "{DEACB3B4-A312-492A-92FF-876CCA0E9BBE}"
EndProject
Global
	GlobalSection(SolutionConfigurationPlatforms) = preSolution
		Debug|Any CPU = Debug|Any CPU
		Release|Any CPU = Release|Any CPU
	EndGlobalSection
	GlobalSection(ProjectConfigurationPlatforms) = postSolution
		{DEACB3B4-A312-492A-92FF-876CCA0E9BBE}.Debug|Any CPU.ActiveCfg = Debug|Any CPU
		{DEACB3B4-A312-492A-92FF-876CCA0E9BBE}.Debug|Any CPU.Build.0 = Debug|Any CPU
		{DEACB3B4-A312-492A-92FF-876CCA0E9BBE}.Release|Any CPU.ActiveCfg = Release|Any CPU
		{DEACB3B4-A312-492A-92FF-876CCA0E9BBE}.Release|Any CPU.Build.0 = Release|Any CPU
	EndGlobalSection
	GlobalSection(SolutionProperties) = preSolution
		HideSolutionNode = FALSE
	EndGlobalSection
	GlobalSection(ExtensibilityGlobals) = postSolution
		SolutionGuid = {6D6F49AF-B782-4E70-ACF6-062A66012E5B}
	EndGlobalSection
EndGlobal
